
Microsoft Visual Studio Solution File, Format Version 12.00
# Visual Studio Version 17
VisualStudioVersion = 17.2.32630.192
MinimumVisualStudioVersion = 10.0.40219.1
Project("{9A19103F-16F7-4668-BE54-9A1E7A4F7556}") = "MQTTnet.Rx.S7Plc", "MQTTnet.Rx.S7Plc\MQTTnet.Rx.S7Plc.csproj", "{C040CAD8-8D44-4FAE-8B04-FAD13AF70A7C}"
EndProject
Project("{2150E333-8FDC-42A3-9474-1A3956D46DE8}") = "SolutionConfig", "SolutionConfig", "{72143E7B-745E-497F-8715-71B751CA6A85}"
	ProjectSection(SolutionItems) = preProject
		..\.editorconfig = ..\.editorconfig
		..\.gitignore = ..\.gitignore
		..\.github\workflows\BuildOnly.yml = ..\.github\workflows\BuildOnly.yml
		..\.github\dependabot.yml = ..\.github\dependabot.yml
		..\Directory.Build.props = ..\Directory.Build.props
		..\.github\workflows\dotnet.yml = ..\.github\workflows\dotnet.yml
		..\LICENSE = ..\LICENSE
		..\README.md = ..\README.md
		..\stylecop.json = ..\stylecop.json
		..\Version.json = ..\Version.json
	EndProjectSection
EndProject
Global
	GlobalSection(SolutionConfigurationPlatforms) = preSolution
		Debug|Any CPU = Debug|Any CPU
		PreRelease|Any CPU = PreRelease|Any CPU
		Release|Any CPU = Release|Any CPU
	EndGlobalSection
	GlobalSection(ProjectConfigurationPlatforms) = postSolution
		{C040CAD8-8D44-4FAE-8B04-FAD13AF70A7C}.Debug|Any CPU.ActiveCfg = Debug|Any CPU
		{C040CAD8-8D44-4FAE-8B04-FAD13AF70A7C}.Debug|Any CPU.Build.0 = Debug|Any CPU
		{C040CAD8-8D44-4FAE-8B04-FAD13AF70A7C}.PreRelease|Any CPU.ActiveCfg = PreRelease|Any CPU
		{C040CAD8-8D44-4FAE-8B04-FAD13AF70A7C}.PreRelease|Any CPU.Build.0 = PreRelease|Any CPU
		{C040CAD8-8D44-4FAE-8B04-FAD13AF70A7C}.Release|Any CPU.ActiveCfg = Release|Any CPU
		{C040CAD8-8D44-4FAE-8B04-FAD13AF70A7C}.Release|Any CPU.Build.0 = Release|Any CPU
	EndGlobalSection
	GlobalSection(SolutionProperties) = preSolution
		HideSolutionNode = FALSE
	EndGlobalSection
	GlobalSection(ExtensibilityGlobals) = postSolution
		SolutionGuid = {B05E5DE0-DE09-48E0-BBD4-6DF4709EB803}
	EndGlobalSection
EndGlobal
